
Microsoft Visual Studio Solution File, Format Version 12.00
# Visual Studio Version 17
VisualStudioVersion = 17.0.31903.59
MinimumVisualStudioVersion = 10.0.40219.1
Project("{2150E333-8FDC-42A3-9474-1A3956D46DE8}") = "src", "src", "{827E0CD3-B72D-47B6-A68D-7590B98EB39B}"
EndProject
Project("{FAE04EC0-301F-11D3-BF4B-00C04F79EFBC}") = "ACC.Shared", "src\ACC.Shared\ACC.Shared.csproj", "{93F35C22-D83A-40D9-A6D4-617BE1367B52}"
EndProject
Project("{FAE04EC0-301F-11D3-BF4B-00C04F79EFBC}") = "ACC.Data", "src\ACC.Data\ACC.Data.csproj", "{7B6DE0CA-0F6C-4242-BFC9-F97E025A150A}"
EndProject
Project("{FAE04EC0-301F-11D3-BF4B-00C04F79EFBC}") = "ACC.API", "src\ACC.API\ACC.API.csproj", "{5ED78570-6E99-407E-9DAD-C5C1F419ECCA}"
EndProject
Project("{FAE04EC0-301F-11D3-BF4B-00C04F79EFBC}") = "ACC.ExternalClients", "src\ACC.ExternalClients\ACC.ExternalClients.csproj", "{4F5DFBE6-9D37-4299-A5B8-762E44786303}"
EndProject
Project("{2150E333-8FDC-42A3-9474-1A3956D46DE8}") = "tests", "tests", "{0AB3BF05-4346-4AA6-1389-037BE0695223}"
EndProject
Project("{FAE04EC0-301F-11D3-BF4B-00C04F79EFBC}") = "ACC.Tests", "tests\ACC.Tests\ACC.Tests.csproj", "{0F98780D-0885-4C48-8660-3A15DA8A92A5}"
EndProject
Project("{FAE04EC0-301F-11D3-BF4B-00C04F79EFBC}") = "ACC.AppHost", "src\ACC.AppHost\ACC.AppHost.csproj", "{E8E474AB-8F07-464F-AE92-8F6FA24D443E}"
EndProject
Project("{FAE04EC0-301F-11D3-BF4B-00C04F79EFBC}") = "ACC.WebApp", "ACC.WebApp\ACC.WebApp\ACC.WebApp.csproj", "{50857EE3-C324-4548-923B-05D15BFF233F}"
EndProject
Project("{FAE04EC0-301F-11D3-BF4B-00C04F79EFBC}") = "ACC.WebApp.Client", "ACC.WebApp\ACC.WebApp.Client\ACC.WebApp.Client.csproj", "{ED43DE3D-CFC0-41F4-9BA3-1A0AD15CEC2C}"
EndProject
Project("{FAE04EC0-301F-11D3-BF4B-00C04F79EFBC}") = "ACC.ServiceDefaults", "ACC.ServiceDefaults\ACC.ServiceDefaults.csproj", "{4528D6E8-5AFF-A905-B9D4-D4D9BE9398C3}"
EndProject
Project("{FAE04EC0-301F-11D3-BF4B-00C04F79EFBC}") = "ACC.MultiPlataform", "..\..\..\source\repos\ACC.MultiPlataform\ACC.MultiPlataform.csproj", "{84B6499F-DDEF-4F48-7272-007664BC3939}"
EndProject
Project("{FAE04EC0-301F-11D3-BF4B-00C04F79EFBC}") = "API_CompilerACC", "..\..\..\source\repos\API_CompilerACC\API_CompilerACC.csproj", "{C52190D3-6604-CB90-2404-D0D86484F2FB}"
EndProject
Global
	GlobalSection(SolutionConfigurationPlatforms) = preSolution
		Debug|Any CPU = Debug|Any CPU
		Debug|x64 = Debug|x64
		Debug|x86 = Debug|x86
		Release|Any CPU = Release|Any CPU
		Release|x64 = Release|x64
		Release|x86 = Release|x86
	EndGlobalSection
	GlobalSection(ProjectConfigurationPlatforms) = postSolution
		{93F35C22-D83A-40D9-A6D4-617BE1367B52}.Debug|Any CPU.ActiveCfg = Debug|Any CPU
		{93F35C22-D83A-40D9-A6D4-617BE1367B52}.Debug|Any CPU.Build.0 = Debug|Any CPU
		{93F35C22-D83A-40D9-A6D4-617BE1367B52}.Debug|x64.ActiveCfg = Debug|Any CPU
		{93F35C22-D83A-40D9-A6D4-617BE1367B52}.Debug|x64.Build.0 = Debug|Any CPU
		{93F35C22-D83A-40D9-A6D4-617BE1367B52}.Debug|x86.ActiveCfg = Debug|Any CPU
		{93F35C22-D83A-40D9-A6D4-617BE1367B52}.Debug|x86.Build.0 = Debug|Any CPU
		{93F35C22-D83A-40D9-A6D4-617BE1367B52}.Release|Any CPU.ActiveCfg = Release|Any CPU
		{93F35C22-D83A-40D9-A6D4-617BE1367B52}.Release|Any CPU.Build.0 = Release|Any CPU
		{93F35C22-D83A-40D9-A6D4-617BE1367B52}.Release|x64.ActiveCfg = Release|Any CPU
		{93F35C22-D83A-40D9-A6D4-617BE1367B52}.Release|x64.Build.0 = Release|Any CPU
		{93F35C22-D83A-40D9-A6D4-617BE1367B52}.Release|x86.ActiveCfg = Release|Any CPU
		{93F35C22-D83A-40D9-A6D4-617BE1367B52}.Release|x86.Build.0 = Release|Any CPU
		{7B6DE0CA-0F6C-4242-BFC9-F97E025A150A}.Debug|Any CPU.ActiveCfg = Debug|Any CPU
		{7B6DE0CA-0F6C-4242-BFC9-F97E025A150A}.Debug|Any CPU.Build.0 = Debug|Any CPU
		{7B6DE0CA-0F6C-4242-BFC9-F97E025A150A}.Debug|x64.ActiveCfg = Debug|Any CPU
		{7B6DE0CA-0F6C-4242-BFC9-F97E025A150A}.Debug|x64.Build.0 = Debug|Any CPU
		{7B6DE0CA-0F6C-4242-BFC9-F97E025A150A}.Debug|x86.ActiveCfg = Debug|Any CPU
		{7B6DE0CA-0F6C-4242-BFC9-F97E025A150A}.Debug|x86.Build.0 = Debug|Any CPU
		{7B6DE0CA-0F6C-4242-BFC9-F97E025A150A}.Release|Any CPU.ActiveCfg = Release|Any CPU
		{7B6DE0CA-0F6C-4242-BFC9-F97E025A150A}.Release|Any CPU.Build.0 = Release|Any CPU
		{7B6DE0CA-0F6C-4242-BFC9-F97E025A150A}.Release|x64.ActiveCfg = Release|Any CPU
		{7B6DE0CA-0F6C-4242-BFC9-F97E025A150A}.Release|x64.Build.0 = Release|Any CPU
		{7B6DE0CA-0F6C-4242-BFC9-F97E025A150A}.Release|x86.ActiveCfg = Release|Any CPU
		{7B6DE0CA-0F6C-4242-BFC9-F97E025A150A}.Release|x86.Build.0 = Release|Any CPU
		{5ED78570-6E99-407E-9DAD-C5C1F419ECCA}.Debug|Any CPU.ActiveCfg = Debug|Any CPU
		{5ED78570-6E99-407E-9DAD-C5C1F419ECCA}.Debug|Any CPU.Build.0 = Debug|Any CPU
		{5ED78570-6E99-407E-9DAD-C5C1F419ECCA}.Debug|x64.ActiveCfg = Debug|Any CPU
		{5ED78570-6E99-407E-9DAD-C5C1F419ECCA}.Debug|x64.Build.0 = Debug|Any CPU
		{5ED78570-6E99-407E-9DAD-C5C1F419ECCA}.Debug|x86.ActiveCfg = Debug|Any CPU
		{5ED78570-6E99-407E-9DAD-C5C1F419ECCA}.Debug|x86.Build.0 = Debug|Any CPU
		{5ED78570-6E99-407E-9DAD-C5C1F419ECCA}.Release|Any CPU.ActiveCfg = Release|Any CPU
		{5ED78570-6E99-407E-9DAD-C5C1F419ECCA}.Release|Any CPU.Build.0 = Release|Any CPU
		{5ED78570-6E99-407E-9DAD-C5C1F419ECCA}.Release|x64.ActiveCfg = Release|Any CPU
		{5ED78570-6E99-407E-9DAD-C5C1F419ECCA}.Release|x64.Build.0 = Release|Any CPU
		{5ED78570-6E99-407E-9DAD-C5C1F419ECCA}.Release|x86.ActiveCfg = Release|Any CPU
		{5ED78570-6E99-407E-9DAD-C5C1F419ECCA}.Release|x86.Build.0 = Release|Any CPU
		{4F5DFBE6-9D37-4299-A5B8-762E44786303}.Debug|Any CPU.ActiveCfg = Debug|Any CPU
		{4F5DFBE6-9D37-4299-A5B8-762E44786303}.Debug|Any CPU.Build.0 = Debug|Any CPU
		{4F5DFBE6-9D37-4299-A5B8-762E44786303}.Debug|x64.ActiveCfg = Debug|Any CPU
		{4F5DFBE6-9D37-4299-A5B8-762E44786303}.Debug|x64.Build.0 = Debug|Any CPU
		{4F5DFBE6-9D37-4299-A5B8-762E44786303}.Debug|x86.ActiveCfg = Debug|Any CPU
		{4F5DFBE6-9D37-4299-A5B8-762E44786303}.Debug|x86.Build.0 = Debug|Any CPU
		{4F5DFBE6-9D37-4299-A5B8-762E44786303}.Release|Any CPU.ActiveCfg = Release|Any CPU
		{4F5DFBE6-9D37-4299-A5B8-762E44786303}.Release|Any CPU.Build.0 = Release|Any CPU
		{4F5DFBE6-9D37-4299-A5B8-762E44786303}.Release|x64.ActiveCfg = Release|Any CPU
		{4F5DFBE6-9D37-4299-A5B8-762E44786303}.Release|x64.Build.0 = Release|Any CPU
		{4F5DFBE6-9D37-4299-A5B8-762E44786303}.Release|x86.ActiveCfg = Release|Any CPU
		{4F5DFBE6-9D37-4299-A5B8-762E44786303}.Release|x86.Build.0 = Release|Any CPU
		{0F98780D-0885-4C48-8660-3A15DA8A92A5}.Debug|Any CPU.ActiveCfg = Debug|Any CPU
		{0F98780D-0885-4C48-8660-3A15DA8A92A5}.Debug|Any CPU.Build.0 = Debug|Any CPU
		{0F98780D-0885-4C48-8660-3A15DA8A92A5}.Debug|x64.ActiveCfg = Debug|Any CPU
		{0F98780D-0885-4C48-8660-3A15DA8A92A5}.Debug|x64.Build.0 = Debug|Any CPU
		{0F98780D-0885-4C48-8660-3A15DA8A92A5}.Debug|x86.ActiveCfg = Debug|Any CPU
		{0F98780D-0885-4C48-8660-3A15DA8A92A5}.Debug|x86.Build.0 = Debug|Any CPU
		{0F98780D-0885-4C48-8660-3A15DA8A92A5}.Release|Any CPU.ActiveCfg = Release|Any CPU
		{0F98780D-0885-4C48-8660-3A15DA8A92A5}.Release|Any CPU.Build.0 = Release|Any CPU
		{0F98780D-0885-4C48-8660-3A15DA8A92A5}.Release|x64.ActiveCfg = Release|Any CPU
		{0F98780D-0885-4C48-8660-3A15DA8A92A5}.Release|x64.Build.0 = Release|Any CPU
		{0F98780D-0885-4C48-8660-3A15DA8A92A5}.Release|x86.ActiveCfg = Release|Any CPU
		{0F98780D-0885-4C48-8660-3A15DA8A92A5}.Release|x86.Build.0 = Release|Any CPU
		{E8E474AB-8F07-464F-AE92-8F6FA24D443E}.Debug|Any CPU.ActiveCfg = Debug|Any CPU
		{E8E474AB-8F07-464F-AE92-8F6FA24D443E}.Debug|Any CPU.Build.0 = Debug|Any CPU
		{E8E474AB-8F07-464F-AE92-8F6FA24D443E}.Debug|x64.ActiveCfg = Debug|Any CPU
		{E8E474AB-8F07-464F-AE92-8F6FA24D443E}.Debug|x64.Build.0 = Debug|Any CPU
		{E8E474AB-8F07-464F-AE92-8F6FA24D443E}.Debug|x86.ActiveCfg = Debug|Any CPU
		{E8E474AB-8F07-464F-AE92-8F6FA24D443E}.Debug|x86.Build.0 = Debug|Any CPU
		{E8E474AB-8F07-464F-AE92-8F6FA24D443E}.Release|Any CPU.ActiveCfg = Release|Any CPU
		{E8E474AB-8F07-464F-AE92-8F6FA24D443E}.Release|Any CPU.Build.0 = Release|Any CPU
		{E8E474AB-8F07-464F-AE92-8F6FA24D443E}.Release|x64.ActiveCfg = Release|Any CPU
		{E8E474AB-8F07-464F-AE92-8F6FA24D443E}.Release|x64.Build.0 = Release|Any CPU
		{E8E474AB-8F07-464F-AE92-8F6FA24D443E}.Release|x86.ActiveCfg = Release|Any CPU
		{E8E474AB-8F07-464F-AE92-8F6FA24D443E}.Release|x86.Build.0 = Release|Any CPU
		{50857EE3-C324-4548-923B-05D15BFF233F}.Debug|Any CPU.ActiveCfg = Debug|Any CPU
		{50857EE3-C324-4548-923B-05D15BFF233F}.Debug|Any CPU.Build.0 = Debug|Any CPU
		{50857EE3-C324-4548-923B-05D15BFF233F}.Debug|x64.ActiveCfg = Debug|Any CPU
		{50857EE3-C324-4548-923B-05D15BFF233F}.Debug|x64.Build.0 = Debug|Any CPU
		{50857EE3-C324-4548-923B-05D15BFF233F}.Debug|x86.ActiveCfg = Debug|Any CPU
		{50857EE3-C324-4548-923B-05D15BFF233F}.Debug|x86.Build.0 = Debug|Any CPU
		{50857EE3-C324-4548-923B-05D15BFF233F}.Release|Any CPU.ActiveCfg = Release|Any CPU
		{50857EE3-C324-4548-923B-05D15BFF233F}.Release|Any CPU.Build.0 = Release|Any CPU
		{50857EE3-C324-4548-923B-05D15BFF233F}.Release|x64.ActiveCfg = Release|Any CPU
		{50857EE3-C324-4548-923B-05D15BFF233F}.Release|x64.Build.0 = Release|Any CPU
		{50857EE3-C324-4548-923B-05D15BFF233F}.Release|x86.ActiveCfg = Release|Any CPU
		{50857EE3-C324-4548-923B-05D15BFF233F}.Release|x86.Build.0 = Release|Any CPU
		{ED43DE3D-CFC0-41F4-9BA3-1A0AD15CEC2C}.Debug|Any CPU.ActiveCfg = Debug|Any CPU
		{ED43DE3D-CFC0-41F4-9BA3-1A0AD15CEC2C}.Debug|Any CPU.Build.0 = Debug|Any CPU
		{ED43DE3D-CFC0-41F4-9BA3-1A0AD15CEC2C}.Debug|x64.ActiveCfg = Debug|Any CPU
		{ED43DE3D-CFC0-41F4-9BA3-1A0AD15CEC2C}.Debug|x64.Build.0 = Debug|Any CPU
		{ED43DE3D-CFC0-41F4-9BA3-1A0AD15CEC2C}.Debug|x86.ActiveCfg = Debug|Any CPU
		{ED43DE3D-CFC0-41F4-9BA3-1A0AD15CEC2C}.Debug|x86.Build.0 = Debug|Any CPU
		{ED43DE3D-CFC0-41F4-9BA3-1A0AD15CEC2C}.Release|Any CPU.ActiveCfg = Release|Any CPU
		{ED43DE3D-CFC0-41F4-9BA3-1A0AD15CEC2C}.Release|Any CPU.Build.0 = Release|Any CPU
		{ED43DE3D-CFC0-41F4-9BA3-1A0AD15CEC2C}.Release|x64.ActiveCfg = Release|Any CPU
		{ED43DE3D-CFC0-41F4-9BA3-1A0AD15CEC2C}.Release|x64.Build.0 = Release|Any CPU
		{ED43DE3D-CFC0-41F4-9BA3-1A0AD15CEC2C}.Release|x86.ActiveCfg = Release|Any CPU
		{ED43DE3D-CFC0-41F4-9BA3-1A0AD15CEC2C}.Release|x86.Build.0 = Release|Any CPU
		{4528D6E8-5AFF-A905-B9D4-D4D9BE9398C3}.Debug|Any CPU.ActiveCfg = Debug|Any CPU
		{4528D6E8-5AFF-A905-B9D4-D4D9BE9398C3}.Debug|Any CPU.Build.0 = Debug|Any CPU
		{4528D6E8-5AFF-A905-B9D4-D4D9BE9398C3}.Debug|x64.ActiveCfg = Debug|Any CPU
		{4528D6E8-5AFF-A905-B9D4-D4D9BE9398C3}.Debug|x64.Build.0 = Debug|Any CPU
		{4528D6E8-5AFF-A905-B9D4-D4D9BE9398C3}.Debug|x86.ActiveCfg = Debug|Any CPU
		{4528D6E8-5AFF-A905-B9D4-D4D9BE9398C3}.Debug|x86.Build.0 = Debug|Any CPU
		{4528D6E8-5AFF-A905-B9D4-D4D9BE9398C3}.Release|Any CPU.ActiveCfg = Release|Any CPU
		{4528D6E8-5AFF-A905-B9D4-D4D9BE9398C3}.Release|Any CPU.Build.0 = Release|Any CPU
		{4528D6E8-5AFF-A905-B9D4-D4D9BE9398C3}.Release|x64.ActiveCfg = Release|Any CPU
		{4528D6E8-5AFF-A905-B9D4-D4D9BE9398C3}.Release|x64.Build.0 = Release|Any CPU
		{4528D6E8-5AFF-A905-B9D4-D4D9BE9398C3}.Release|x86.ActiveCfg = Release|Any CPU
		{4528D6E8-5AFF-A905-B9D4-D4D9BE9398C3}.Release|x86.Build.0 = Release|Any CPU
		{84B6499F-DDEF-4F48-7272-007664BC3939}.Debug|Any CPU.ActiveCfg = Debug|Any CPU
		{84B6499F-DDEF-4F48-7272-007664BC3939}.Debug|Any CPU.Build.0 = Debug|Any CPU
		{84B6499F-DDEF-4F48-7272-007664BC3939}.Debug|Any CPU.Deploy.0 = Debug|Any CPU
		{84B6499F-DDEF-4F48-7272-007664BC3939}.Debug|x64.ActiveCfg = Debug|Any CPU
		{84B6499F-DDEF-4F48-7272-007664BC3939}.Debug|x64.Build.0 = Debug|Any CPU
		{84B6499F-DDEF-4F48-7272-007664BC3939}.Debug|x64.Deploy.0 = Debug|Any CPU
		{84B6499F-DDEF-4F48-7272-007664BC3939}.Debug|x86.ActiveCfg = Debug|Any CPU
		{84B6499F-DDEF-4F48-7272-007664BC3939}.Debug|x86.Build.0 = Debug|Any CPU
		{84B6499F-DDEF-4F48-7272-007664BC3939}.Debug|x86.Deploy.0 = Debug|Any CPU
		{84B6499F-DDEF-4F48-7272-007664BC3939}.Release|Any CPU.ActiveCfg = Release|Any CPU
		{84B6499F-DDEF-4F48-7272-007664BC3939}.Release|Any CPU.Build.0 = Release|Any CPU
		{84B6499F-DDEF-4F48-7272-007664BC3939}.Release|Any CPU.Deploy.0 = Release|Any CPU
		{84B6499F-DDEF-4F48-7272-007664BC3939}.Release|x64.ActiveCfg = Release|Any CPU
		{84B6499F-DDEF-4F48-7272-007664BC3939}.Release|x64.Build.0 = Release|Any CPU
		{84B6499F-DDEF-4F48-7272-007664BC3939}.Release|x64.Deploy.0 = Release|Any CPU
		{84B6499F-DDEF-4F48-7272-007664BC3939}.Release|x86.ActiveCfg = Release|Any CPU
		{84B6499F-DDEF-4F48-7272-007664BC3939}.Release|x86.Build.0 = Release|Any CPU
		{84B6499F-DDEF-4F48-7272-007664BC3939}.Release|x86.Deploy.0 = Release|Any CPU
		{C52190D3-6604-CB90-2404-D0D86484F2FB}.Debug|Any CPU.ActiveCfg = Debug|Any CPU
		{C52190D3-6604-CB90-2404-D0D86484F2FB}.Debug|Any CPU.Build.0 = Debug|Any CPU
		{C52190D3-6604-CB90-2404-D0D86484F2FB}.Debug|x64.ActiveCfg = Debug|Any CPU
		{C52190D3-6604-CB90-2404-D0D86484F2FB}.Debug|x64.Build.0 = Debug|Any CPU
		{C52190D3-6604-CB90-2404-D0D86484F2FB}.Debug|x86.ActiveCfg = Debug|Any CPU
		{C52190D3-6604-CB90-2404-D0D86484F2FB}.Debug|x86.Build.0 = Debug|Any CPU
		{C52190D3-6604-CB90-2404-D0D86484F2FB}.Release|Any CPU.ActiveCfg = Release|Any CPU
		{C52190D3-6604-CB90-2404-D0D86484F2FB}.Release|Any CPU.Build.0 = Release|Any CPU
		{C52190D3-6604-CB90-2404-D0D86484F2FB}.Release|x64.ActiveCfg = Release|Any CPU
		{C52190D3-6604-CB90-2404-D0D86484F2FB}.Release|x64.Build.0 = Release|Any CPU
		{C52190D3-6604-CB90-2404-D0D86484F2FB}.Release|x86.ActiveCfg = Release|Any CPU
		{C52190D3-6604-CB90-2404-D0D86484F2FB}.Release|x86.Build.0 = Release|Any CPU
	EndGlobalSection
	GlobalSection(SolutionProperties) = preSolution
		HideSolutionNode = FALSE
	EndGlobalSection
	GlobalSection(NestedProjects) = preSolution
		{93F35C22-D83A-40D9-A6D4-617BE1367B52} = {827E0CD3-B72D-47B6-A68D-7590B98EB39B}
		{7B6DE0CA-0F6C-4242-BFC9-F97E025A150A} = {827E0CD3-B72D-47B6-A68D-7590B98EB39B}
		{5ED78570-6E99-407E-9DAD-C5C1F419ECCA} = {827E0CD3-B72D-47B6-A68D-7590B98EB39B}
		{4F5DFBE6-9D37-4299-A5B8-762E44786303} = {827E0CD3-B72D-47B6-A68D-7590B98EB39B}
		{0F98780D-0885-4C48-8660-3A15DA8A92A5} = {0AB3BF05-4346-4AA6-1389-037BE0695223}
		{E8E474AB-8F07-464F-AE92-8F6FA24D443E} = {827E0CD3-B72D-47B6-A68D-7590B98EB39B}
		{4528D6E8-5AFF-A905-B9D4-D4D9BE9398C3} = {827E0CD3-B72D-47B6-A68D-7590B98EB39B}
		{C52190D3-6604-CB90-2404-D0D86484F2FB} = {827E0CD3-B72D-47B6-A68D-7590B98EB39B}
	EndGlobalSection
	GlobalSection(ExtensibilityGlobals) = postSolution
		SolutionGuid = {E68FFBC1-9781-4CF5-AE27-74E53530B449}
	EndGlobalSection
EndGlobal
